
Microsoft Visual Studio Solution File, Format Version 12.00
# Visual Studio Version 17
VisualStudioVersion = 17.9.34728.123
MinimumVisualStudioVersion = 10.0.40219.1
Project("{FAE04EC0-301F-11D3-BF4B-00C04F79EFBC}") = "KitapSatisUygulamasi", "KitapSatisUygulamasi\KitapSatisUygulamasi.csproj", "{2CE1187B-BC4C-4FEA-9E1D-473763E4296D}"
EndProject
Global
	GlobalSection(SolutionConfigurationPlatforms) = preSolution
		Debug|Any CPU = Debug|Any CPU
		Release|Any CPU = Release|Any CPU
	EndGlobalSection
	GlobalSection(ProjectConfigurationPlatforms) = postSolution
		{2CE1187B-BC4C-4FEA-9E1D-473763E4296D}.Debug|Any CPU.ActiveCfg = Debug|Any CPU
		{2CE1187B-BC4C-4FEA-9E1D-473763E4296D}.Debug|Any CPU.Build.0 = Debug|Any CPU
		{2CE1187B-BC4C-4FEA-9E1D-473763E4296D}.Release|Any CPU.ActiveCfg = Release|Any CPU
		{2CE1187B-BC4C-4FEA-9E1D-473763E4296D}.Release|Any CPU.Build.0 = Release|Any CPU
	EndGlobalSection
	GlobalSection(SolutionProperties) = preSolution
		HideSolutionNode = FALSE
	EndGlobalSection
	GlobalSection(ExtensibilityGlobals) = postSolution
		SolutionGuid = {A6BA42C7-EBED-4580-990A-B3DE935A8B92}
	EndGlobalSection
EndGlobal
